// !$*UTF8*$!
{
	archiveVersion = 1;
	classes = {
	};
	objectVersion = 56;
	objects = {

/* Begin PBXBuildFile section */
		3032C1AE29A596F9003ABDB6 /* PhysicsApp.swift in Sources */ = {isa = PBXBuildFile; fileRef = 3032C1AD29A596F9003ABDB6 /* PhysicsApp.swift */; };
		3032C1B029A596F9003ABDB6 /* ContentView.swift in Sources */ = {isa = PBXBuildFile; fileRef = 3032C1AF29A596F9003ABDB6 /* ContentView.swift */; };
		3032C1B229A596FA003ABDB6 /* Assets.xcassets in Resources */ = {isa = PBXBuildFile; fileRef = 3032C1B129A596FA003ABDB6 /* Assets.xcassets */; };
		3032C1B529A596FA003ABDB6 /* Preview Assets.xcassets in Resources */ = {isa = PBXBuildFile; fileRef = 3032C1B429A596FA003ABDB6 /* Preview Assets.xcassets */; };
		3032C1CC29A598FA003ABDB6 /* ConfettiViewModel.swift in Sources */ = {isa = PBXBuildFile; fileRef = 3032C1C729A598FA003ABDB6 /* ConfettiViewModel.swift */; };
		3032C1CD29A598FA003ABDB6 /* Particle.swift in Sources */ = {isa = PBXBuildFile; fileRef = 3032C1C829A598FA003ABDB6 /* Particle.swift */; };
		3032C1CE29A598FA003ABDB6 /* ConfettiView.swift in Sources */ = {isa = PBXBuildFile; fileRef = 3032C1C929A598FA003ABDB6 /* ConfettiView.swift */; };
		3032C1CF29A598FA003ABDB6 /* ParticleSystem.swift in Sources */ = {isa = PBXBuildFile; fileRef = 3032C1CA29A598FA003ABDB6 /* ParticleSystem.swift */; };
		3032C1D029A598FA003ABDB6 /* ConfettiViewCoordinator.swift in Sources */ = {isa = PBXBuildFile; fileRef = 3032C1CB29A598FA003ABDB6 /* ConfettiViewCoordinator.swift */; };
		3032C1D329A5A4E5003ABDB6 /* Color+Extras.swift in Sources */ = {isa = PBXBuildFile; fileRef = 3032C1D229A5A4E5003ABDB6 /* Color+Extras.swift */; };
		3032C1D529A5C933003ABDB6 /* ConfettiMenu.swift in Sources */ = {isa = PBXBuildFile; fileRef = 3032C1D429A5C933003ABDB6 /* ConfettiMenu.swift */; };
		3032C1E229A5D112003ABDB6 /* AnimationView.swift in Sources */ = {isa = PBXBuildFile; fileRef = 3032C1E129A5D112003ABDB6 /* AnimationView.swift */; };
		3032C1E429A661CD003ABDB6 /* Particle+Confetti.swift in Sources */ = {isa = PBXBuildFile; fileRef = 3032C1E329A661CD003ABDB6 /* Particle+Confetti.swift */; };
/* End PBXBuildFile section */

/* Begin PBXFileReference section */
		3032C1AA29A596F9003ABDB6 /* Physics.app */ = {isa = PBXFileReference; explicitFileType = wrapper.application; includeInIndex = 0; path = Physics.app; sourceTree = BUILT_PRODUCTS_DIR; };
		3032C1AD29A596F9003ABDB6 /* PhysicsApp.swift */ = {isa = PBXFileReference; lastKnownFileType = sourcecode.swift; path = PhysicsApp.swift; sourceTree = "<group>"; };
		3032C1AF29A596F9003ABDB6 /* ContentView.swift */ = {isa = PBXFileReference; lastKnownFileType = sourcecode.swift; path = ContentView.swift; sourceTree = "<group>"; };
		3032C1B129A596FA003ABDB6 /* Assets.xcassets */ = {isa = PBXFileReference; lastKnownFileType = folder.assetcatalog; path = Assets.xcassets; sourceTree = "<group>"; };
		3032C1B429A596FA003ABDB6 /* Preview Assets.xcassets */ = {isa = PBXFileReference; lastKnownFileType = folder.assetcatalog; path = "Preview Assets.xcassets"; sourceTree = "<group>"; };
		3032C1C729A598FA003ABDB6 /* ConfettiViewModel.swift */ = {isa = PBXFileReference; fileEncoding = 4; lastKnownFileType = sourcecode.swift; path = ConfettiViewModel.swift; sourceTree = "<group>"; };
		3032C1C829A598FA003ABDB6 /* Particle.swift */ = {isa = PBXFileReference; fileEncoding = 4; lastKnownFileType = sourcecode.swift; path = Particle.swift; sourceTree = "<group>"; };
		3032C1C929A598FA003ABDB6 /* ConfettiView.swift */ = {isa = PBXFileReference; fileEncoding = 4; lastKnownFileType = sourcecode.swift; path = ConfettiView.swift; sourceTree = "<group>"; };
		3032C1CA29A598FA003ABDB6 /* ParticleSystem.swift */ = {isa = PBXFileReference; fileEncoding = 4; lastKnownFileType = sourcecode.swift; path = ParticleSystem.swift; sourceTree = "<group>"; };
		3032C1CB29A598FA003ABDB6 /* ConfettiViewCoordinator.swift */ = {isa = PBXFileReference; fileEncoding = 4; lastKnownFileType = sourcecode.swift; path = ConfettiViewCoordinator.swift; sourceTree = "<group>"; };
		3032C1D229A5A4E5003ABDB6 /* Color+Extras.swift */ = {isa = PBXFileReference; lastKnownFileType = sourcecode.swift; path = "Color+Extras.swift"; sourceTree = "<group>"; };
		3032C1D429A5C933003ABDB6 /* ConfettiMenu.swift */ = {isa = PBXFileReference; lastKnownFileType = sourcecode.swift; path = ConfettiMenu.swift; sourceTree = "<group>"; };
		3032C1E129A5D112003ABDB6 /* AnimationView.swift */ = {isa = PBXFileReference; lastKnownFileType = sourcecode.swift; path = AnimationView.swift; sourceTree = "<group>"; };
		3032C1E329A661CD003ABDB6 /* Particle+Confetti.swift */ = {isa = PBXFileReference; lastKnownFileType = sourcecode.swift; path = "Particle+Confetti.swift"; sourceTree = "<group>"; };
/* End PBXFileReference section */

/* Begin PBXFrameworksBuildPhase section */
		3032C1A729A596F9003ABDB6 /* Frameworks */ = {
			isa = PBXFrameworksBuildPhase;
			buildActionMask = 2147483647;
			files = (
			);
			runOnlyForDeploymentPostprocessing = 0;
		};
/* End PBXFrameworksBuildPhase section */

/* Begin PBXGroup section */
		3032C1A129A596F9003ABDB6 = {
			isa = PBXGroup;
			children = (
				3032C1AC29A596F9003ABDB6 /* Physics */,
				3032C1AB29A596F9003ABDB6 /* Products */,
			);
			sourceTree = "<group>";
		};
		3032C1AB29A596F9003ABDB6 /* Products */ = {
			isa = PBXGroup;
			children = (
				3032C1AA29A596F9003ABDB6 /* Physics.app */,
			);
			name = Products;
			sourceTree = "<group>";
		};
		3032C1AC29A596F9003ABDB6 /* Physics */ = {
			isa = PBXGroup;
			children = (
				3032C1D129A5A4D2003ABDB6 /* Data */,
				3032C1C629A598C9003ABDB6 /* Particles */,
				3032C1AD29A596F9003ABDB6 /* PhysicsApp.swift */,
				3032C1AF29A596F9003ABDB6 /* ContentView.swift */,
				3032C1B129A596FA003ABDB6 /* Assets.xcassets */,
				3032C1B329A596FA003ABDB6 /* Preview Content */,
				3032C1D429A5C933003ABDB6 /* ConfettiMenu.swift */,
			);
			path = Physics;
			sourceTree = "<group>";
		};
		3032C1B329A596FA003ABDB6 /* Preview Content */ = {
			isa = PBXGroup;
			children = (
				3032C1B429A596FA003ABDB6 /* Preview Assets.xcassets */,
			);
			path = "Preview Content";
			sourceTree = "<group>";
		};
		3032C1C629A598C9003ABDB6 /* Particles */ = {
			isa = PBXGroup;
			children = (
				3032C1E029A5D0D3003ABDB6 /* Animation */,
				3032C1DC29A5CA2F003ABDB6 /* Confetti */,
			);
			path = Particles;
			sourceTree = "<group>";
		};
		3032C1D129A5A4D2003ABDB6 /* Data */ = {
			isa = PBXGroup;
			children = (
				3032C1D229A5A4E5003ABDB6 /* Color+Extras.swift */,
			);
			path = Data;
			sourceTree = "<group>";
		};
		3032C1DC29A5CA2F003ABDB6 /* Confetti */ = {
			isa = PBXGroup;
			children = (
				3032C1C829A598FA003ABDB6 /* Particle.swift */,
				3032C1CA29A598FA003ABDB6 /* ParticleSystem.swift */,
				3032C1E329A661CD003ABDB6 /* Particle+Confetti.swift */,
				3032C1C929A598FA003ABDB6 /* ConfettiView.swift */,
				3032C1CB29A598FA003ABDB6 /* ConfettiViewCoordinator.swift */,
				3032C1C729A598FA003ABDB6 /* ConfettiViewModel.swift */,
			);
			path = Confetti;
			sourceTree = "<group>";
		};
		3032C1E029A5D0D3003ABDB6 /* Animation */ = {
			isa = PBXGroup;
			children = (
				3032C1E129A5D112003ABDB6 /* AnimationView.swift */,
			);
			path = Animation;
			sourceTree = "<group>";
		};
/* End PBXGroup section */

/* Begin PBXNativeTarget section */
		3032C1A929A596F9003ABDB6 /* Physics */ = {
			isa = PBXNativeTarget;
			buildConfigurationList = 3032C1B829A596FA003ABDB6 /* Build configuration list for PBXNativeTarget "Physics" */;
			buildPhases = (
				3032C1A629A596F9003ABDB6 /* Sources */,
				3032C1A729A596F9003ABDB6 /* Frameworks */,
				3032C1A829A596F9003ABDB6 /* Resources */,
			);
			buildRules = (
			);
			dependencies = (
			);
			name = Physics;
			productName = Physics;
			productReference = 3032C1AA29A596F9003ABDB6 /* Physics.app */;
			productType = "com.apple.product-type.application";
		};
/* End PBXNativeTarget section */

/* Begin PBXProject section */
		3032C1A229A596F9003ABDB6 /* Project object */ = {
			isa = PBXProject;
			attributes = {
				BuildIndependentTargetsInParallel = 1;
				LastSwiftUpdateCheck = 1420;
				LastUpgradeCheck = 1420;
				TargetAttributes = {
					3032C1A929A596F9003ABDB6 = {
						CreatedOnToolsVersion = 14.2;
					};
				};
			};
			buildConfigurationList = 3032C1A529A596F9003ABDB6 /* Build configuration list for PBXProject "Physics" */;
			compatibilityVersion = "Xcode 14.0";
			developmentRegion = en;
			hasScannedForEncodings = 0;
			knownRegions = (
				en,
				Base,
			);
			mainGroup = 3032C1A129A596F9003ABDB6;
			productRefGroup = 3032C1AB29A596F9003ABDB6 /* Products */;
			projectDirPath = "";
			projectRoot = "";
			targets = (
				3032C1A929A596F9003ABDB6 /* Physics */,
			);
		};
/* End PBXProject section */

/* Begin PBXResourcesBuildPhase section */
		3032C1A829A596F9003ABDB6 /* Resources */ = {
			isa = PBXResourcesBuildPhase;
			buildActionMask = 2147483647;
			files = (
				3032C1B529A596FA003ABDB6 /* Preview Assets.xcassets in Resources */,
				3032C1B229A596FA003ABDB6 /* Assets.xcassets in Resources */,
			);
			runOnlyForDeploymentPostprocessing = 0;
		};
/* End PBXResourcesBuildPhase section */

/* Begin PBXSourcesBuildPhase section */
		3032C1A629A596F9003ABDB6 /* Sources */ = {
			isa = PBXSourcesBuildPhase;
			buildActionMask = 2147483647;
			files = (
				3032C1CF29A598FA003ABDB6 /* ParticleSystem.swift in Sources */,
				3032C1CC29A598FA003ABDB6 /* ConfettiViewModel.swift in Sources */,
				3032C1D029A598FA003ABDB6 /* ConfettiViewCoordinator.swift in Sources */,
				3032C1D529A5C933003ABDB6 /* ConfettiMenu.swift in Sources */,
				3032C1E429A661CD003ABDB6 /* Particle+Confetti.swift in Sources */,
				3032C1CD29A598FA003ABDB6 /* Particle.swift in Sources */,
				3032C1B029A596F9003ABDB6 /* ContentView.swift in Sources */,
				3032C1CE29A598FA003ABDB6 /* ConfettiView.swift in Sources */,
				3032C1D329A5A4E5003ABDB6 /* Color+Extras.swift in Sources */,
				3032C1E229A5D112003ABDB6 /* AnimationView.swift in Sources */,
				3032C1AE29A596F9003ABDB6 /* PhysicsApp.swift in Sources */,
			);
			runOnlyForDeploymentPostprocessing = 0;
		};
/* End PBXSourcesBuildPhase section */

/* Begin XCBuildConfiguration section */
		3032C1B629A596FA003ABDB6 /* Debug */ = {
			isa = XCBuildConfiguration;
			buildSettings = {
				ALWAYS_SEARCH_USER_PATHS = NO;
				CLANG_ANALYZER_NONNULL = YES;
				CLANG_ANALYZER_NUMBER_OBJECT_CONVERSION = YES_AGGRESSIVE;
				CLANG_CXX_LANGUAGE_STANDARD = "gnu++20";
				CLANG_ENABLE_MODULES = YES;
				CLANG_ENABLE_OBJC_ARC = YES;
				CLANG_ENABLE_OBJC_WEAK = YES;
				CLANG_WARN_BLOCK_CAPTURE_AUTORELEASING = YES;
				CLANG_WARN_BOOL_CONVERSION = YES;
				CLANG_WARN_COMMA = YES;
				CLANG_WARN_CONSTANT_CONVERSION = YES;
				CLANG_WARN_DEPRECATED_OBJC_IMPLEMENTATIONS = YES;
				CLANG_WARN_DIRECT_OBJC_ISA_USAGE = YES_ERROR;
				CLANG_WARN_DOCUMENTATION_COMMENTS = YES;
				CLANG_WARN_EMPTY_BODY = YES;
				CLANG_WARN_ENUM_CONVERSION = YES;
				CLANG_WARN_INFINITE_RECURSION = YES;
				CLANG_WARN_INT_CONVERSION = YES;
				CLANG_WARN_NON_LITERAL_NULL_CONVERSION = YES;
				CLANG_WARN_OBJC_IMPLICIT_RETAIN_SELF = YES;
				CLANG_WARN_OBJC_LITERAL_CONVERSION = YES;
				CLANG_WARN_OBJC_ROOT_CLASS = YES_ERROR;
				CLANG_WARN_QUOTED_INCLUDE_IN_FRAMEWORK_HEADER = YES;
				CLANG_WARN_RANGE_LOOP_ANALYSIS = YES;
				CLANG_WARN_STRICT_PROTOTYPES = YES;
				CLANG_WARN_SUSPICIOUS_MOVE = YES;
				CLANG_WARN_UNGUARDED_AVAILABILITY = YES_AGGRESSIVE;
				CLANG_WARN_UNREACHABLE_CODE = YES;
				CLANG_WARN__DUPLICATE_METHOD_MATCH = YES;
				COPY_PHASE_STRIP = NO;
				DEBUG_INFORMATION_FORMAT = dwarf;
				ENABLE_STRICT_OBJC_MSGSEND = YES;
				ENABLE_TESTABILITY = YES;
				GCC_C_LANGUAGE_STANDARD = gnu11;
				GCC_DYNAMIC_NO_PIC = NO;
				GCC_NO_COMMON_BLOCKS = YES;
				GCC_OPTIMIZATION_LEVEL = 0;
				GCC_PREPROCESSOR_DEFINITIONS = (
					"DEBUG=1",
					"$(inherited)",
				);
				GCC_WARN_64_TO_32_BIT_CONVERSION = YES;
				GCC_WARN_ABOUT_RETURN_TYPE = YES_ERROR;
				GCC_WARN_UNDECLARED_SELECTOR = YES;
				GCC_WARN_UNINITIALIZED_AUTOS = YES_AGGRESSIVE;
				GCC_WARN_UNUSED_FUNCTION = YES;
				GCC_WARN_UNUSED_VARIABLE = YES;
				IPHONEOS_DEPLOYMENT_TARGET = 16.2;
				MTL_ENABLE_DEBUG_INFO = INCLUDE_SOURCE;
				MTL_FAST_MATH = YES;
				ONLY_ACTIVE_ARCH = YES;
				SDKROOT = iphoneos;
				SWIFT_ACTIVE_COMPILATION_CONDITIONS = DEBUG;
				SWIFT_OPTIMIZATION_LEVEL = "-Onone";
			};
			name = Debug;
		};
		3032C1B729A596FA003ABDB6 /* Release */ = {
			isa = XCBuildConfiguration;
			buildSettings = {
				ALWAYS_SEARCH_USER_PATHS = NO;
				CLANG_ANALYZER_NONNULL = YES;
				CLANG_ANALYZER_NUMBER_OBJECT_CONVERSION = YES_AGGRESSIVE;
				CLANG_CXX_LANGUAGE_STANDARD = "gnu++20";
				CLANG_ENABLE_MODULES = YES;
				CLANG_ENABLE_OBJC_ARC = YES;
				CLANG_ENABLE_OBJC_WEAK = YES;
				CLANG_WARN_BLOCK_CAPTURE_AUTORELEASING = YES;
				CLANG_WARN_BOOL_CONVERSION = YES;
				CLANG_WARN_COMMA = YES;
				CLANG_WARN_CONSTANT_CONVERSION = YES;
				CLANG_WARN_DEPRECATED_OBJC_IMPLEMENTATIONS = YES;
				CLANG_WARN_DIRECT_OBJC_ISA_USAGE = YES_ERROR;
				CLANG_WARN_DOCUMENTATION_COMMENTS = YES;
				CLANG_WARN_EMPTY_BODY = YES;
				CLANG_WARN_ENUM_CONVERSION = YES;
				CLANG_WARN_INFINITE_RECURSION = YES;
				CLANG_WARN_INT_CONVERSION = YES;
				CLANG_WARN_NON_LITERAL_NULL_CONVERSION = YES;
				CLANG_WARN_OBJC_IMPLICIT_RETAIN_SELF = YES;
				CLANG_WARN_OBJC_LITERAL_CONVERSION = YES;
				CLANG_WARN_OBJC_ROOT_CLASS = YES_ERROR;
				CLANG_WARN_QUOTED_INCLUDE_IN_FRAMEWORK_HEADER = YES;
				CLANG_WARN_RANGE_LOOP_ANALYSIS = YES;
				CLANG_WARN_STRICT_PROTOTYPES = YES;
				CLANG_WARN_SUSPICIOUS_MOVE = YES;
				CLANG_WARN_UNGUARDED_AVAILABILITY = YES_AGGRESSIVE;
				CLANG_WARN_UNREACHABLE_CODE = YES;
				CLANG_WARN__DUPLICATE_METHOD_MATCH = YES;
				COPY_PHASE_STRIP = NO;
				DEBUG_INFORMATION_FORMAT = "dwarf-with-dsym";
				ENABLE_NS_ASSERTIONS = NO;
				ENABLE_STRICT_OBJC_MSGSEND = YES;
				GCC_C_LANGUAGE_STANDARD = gnu11;
				GCC_NO_COMMON_BLOCKS = YES;
				GCC_WARN_64_TO_32_BIT_CONVERSION = YES;
				GCC_WARN_ABOUT_RETURN_TYPE = YES_ERROR;
				GCC_WARN_UNDECLARED_SELECTOR = YES;
				GCC_WARN_UNINITIALIZED_AUTOS = YES_AGGRESSIVE;
				GCC_WARN_UNUSED_FUNCTION = YES;
				GCC_WARN_UNUSED_VARIABLE = YES;
				IPHONEOS_DEPLOYMENT_TARGET = 16.2;
				MTL_ENABLE_DEBUG_INFO = NO;
				MTL_FAST_MATH = YES;
				SDKROOT = iphoneos;
				SWIFT_COMPILATION_MODE = wholemodule;
				SWIFT_OPTIMIZATION_LEVEL = "-O";
				VALIDATE_PRODUCT = YES;
			};
			name = Release;
		};
		3032C1B929A596FA003ABDB6 /* Debug */ = {
			isa = XCBuildConfiguration;
			buildSettings = {
				ASSETCATALOG_COMPILER_APPICON_NAME = AppIcon;
				ASSETCATALOG_COMPILER_GLOBAL_ACCENT_COLOR_NAME = AccentColor;
				CODE_SIGN_STYLE = Automatic;
				CURRENT_PROJECT_VERSION = 1;
				DEVELOPMENT_ASSET_PATHS = "\"Physics/Preview Content\"";
				DEVELOPMENT_TEAM = 5PA5ZBW2F5;
				ENABLE_PREVIEWS = YES;
				GENERATE_INFOPLIST_FILE = YES;
				INFOPLIST_KEY_UIApplicationSceneManifest_Generation = YES;
				INFOPLIST_KEY_UIApplicationSupportsIndirectInputEvents = YES;
				INFOPLIST_KEY_UILaunchScreen_Generation = YES;
				INFOPLIST_KEY_UISupportedInterfaceOrientations_iPad = "UIInterfaceOrientationPortrait UIInterfaceOrientationPortraitUpsideDown UIInterfaceOrientationLandscapeLeft UIInterfaceOrientationLandscapeRight";
				INFOPLIST_KEY_UISupportedInterfaceOrientations_iPhone = "UIInterfaceOrientationPortrait UIInterfaceOrientationLandscapeLeft UIInterfaceOrientationLandscapeRight";
				LD_RUNPATH_SEARCH_PATHS = (
					"$(inherited)",
					"@executable_path/Frameworks",
				);
				MARKETING_VERSION = 1.0;
				PRODUCT_BUNDLE_IDENTIFIER = com.goddaddysites.rinvestm.Physics;
				PRODUCT_NAME = "$(TARGET_NAME)";
				SWIFT_EMIT_LOC_STRINGS = YES;
				SWIFT_VERSION = 5.0;
				TARGETED_DEVICE_FAMILY = "1,2";
			};
			name = Debug;
		};
		3032C1BA29A596FA003ABDB6 /* Release */ = {
			isa = XCBuildConfiguration;
			buildSettings = {
				ASSETCATALOG_COMPILER_APPICON_NAME = AppIcon;
				ASSETCATALOG_COMPILER_GLOBAL_ACCENT_COLOR_NAME = AccentColor;
				CODE_SIGN_STYLE = Automatic;
				CURRENT_PROJECT_VERSION = 1;
				DEVELOPMENT_ASSET_PATHS = "\"Physics/Preview Content\"";
				DEVELOPMENT_TEAM = 5PA5ZBW2F5;
				ENABLE_PREVIEWS = YES;
				GENERATE_INFOPLIST_FILE = YES;
				INFOPLIST_KEY_UIApplicationSceneManifest_Generation = YES;
				INFOPLIST_KEY_UIApplicationSupportsIndirectInputEvents = YES;
				INFOPLIST_KEY_UILaunchScreen_Generation = YES;
				INFOPLIST_KEY_UISupportedInterfaceOrientations_iPad = "UIInterfaceOrientationPortrait UIInterfaceOrientationPortraitUpsideDown UIInterfaceOrientationLandscapeLeft UIInterfaceOrientationLandscapeRight";
				INFOPLIST_KEY_UISupportedInterfaceOrientations_iPhone = "UIInterfaceOrientationPortrait UIInterfaceOrientationLandscapeLeft UIInterfaceOrientationLandscapeRight";
				LD_RUNPATH_SEARCH_PATHS = (
					"$(inherited)",
					"@executable_path/Frameworks",
				);
				MARKETING_VERSION = 1.0;
				PRODUCT_BUNDLE_IDENTIFIER = com.goddaddysites.rinvestm.Physics;
				PRODUCT_NAME = "$(TARGET_NAME)";
				SWIFT_EMIT_LOC_STRINGS = YES;
				SWIFT_VERSION = 5.0;
				TARGETED_DEVICE_FAMILY = "1,2";
			};
			name = Release;
		};
/* End XCBuildConfiguration section */

/* Begin XCConfigurationList section */
		3032C1A529A596F9003ABDB6 /* Build configuration list for PBXProject "Physics" */ = {
			isa = XCConfigurationList;
			buildConfigurations = (
				3032C1B629A596FA003ABDB6 /* Debug */,
				3032C1B729A596FA003ABDB6 /* Release */,
			);
			defaultConfigurationIsVisible = 0;
			defaultConfigurationName = Release;
		};
		3032C1B829A596FA003ABDB6 /* Build configuration list for PBXNativeTarget "Physics" */ = {
			isa = XCConfigurationList;
			buildConfigurations = (
				3032C1B929A596FA003ABDB6 /* Debug */,
				3032C1BA29A596FA003ABDB6 /* Release */,
			);
			defaultConfigurationIsVisible = 0;
			defaultConfigurationName = Release;
		};
/* End XCConfigurationList section */
	};
	rootObject = 3032C1A229A596F9003ABDB6 /* Project object */;
}
